
Microsoft Visual Studio Solution File, Format Version 12.00
# Visual Studio Version 16
VisualStudioVersion = 16.0.31205.134
MinimumVisualStudioVersion = 10.0.40219.1
Project("{FAE04EC0-301F-11D3-BF4B-00C04F79EFBC}") = "PaymentOrders", "PaymentOrders.csproj", "{43EA36FF-D6CB-4345-9BCF-5F1FD1F66B8C}"
	ProjectSection(ProjectDependencies) = postProject
		{F4314E54-7EED-44DA-A407-E2958CA9A0B6} = {F4314E54-7EED-44DA-A407-E2958CA9A0B6}
	EndProjectSection
EndProject
Project("{FAE04EC0-301F-11D3-BF4B-00C04F79EFBC}") = "PaymentOrdersData", "..\PaymentOrdersData\PaymentOrdersData.csproj", "{285FFEE9-2C81-4356-B2B5-2FF7CEBECEA5}"
EndProject
Project("{FAE04EC0-301F-11D3-BF4B-00C04F79EFBC}") = "PaymentOrdersService", "..\PaymentOrdersService\PaymentOrdersService.csproj", "{F4314E54-7EED-44DA-A407-E2958CA9A0B6}"
EndProject
Project("{FAE04EC0-301F-11D3-BF4B-00C04F79EFBC}") = "PaymentOrderModels", "..\PaymentOrderModels\PaymentOrderModels.csproj", "{827DC48F-DA7B-4F8C-892A-2F1C833F1142}"
EndProject
Global
	GlobalSection(SolutionConfigurationPlatforms) = preSolution
		Debug|Any CPU = Debug|Any CPU
		Release|Any CPU = Release|Any CPU
	EndGlobalSection
	GlobalSection(ProjectConfigurationPlatforms) = postSolution
		{43EA36FF-D6CB-4345-9BCF-5F1FD1F66B8C}.Debug|Any CPU.ActiveCfg = Debug|Any CPU
		{43EA36FF-D6CB-4345-9BCF-5F1FD1F66B8C}.Debug|Any CPU.Build.0 = Debug|Any CPU
		{43EA36FF-D6CB-4345-9BCF-5F1FD1F66B8C}.Release|Any CPU.ActiveCfg = Release|Any CPU
		{43EA36FF-D6CB-4345-9BCF-5F1FD1F66B8C}.Release|Any CPU.Build.0 = Release|Any CPU
		{285FFEE9-2C81-4356-B2B5-2FF7CEBECEA5}.Debug|Any CPU.ActiveCfg = Debug|Any CPU
		{285FFEE9-2C81-4356-B2B5-2FF7CEBECEA5}.Debug|Any CPU.Build.0 = Debug|Any CPU
		{285FFEE9-2C81-4356-B2B5-2FF7CEBECEA5}.Release|Any CPU.ActiveCfg = Release|Any CPU
		{285FFEE9-2C81-4356-B2B5-2FF7CEBECEA5}.Release|Any CPU.Build.0 = Release|Any CPU
		{F4314E54-7EED-44DA-A407-E2958CA9A0B6}.Debug|Any CPU.ActiveCfg = Debug|Any CPU
		{F4314E54-7EED-44DA-A407-E2958CA9A0B6}.Debug|Any CPU.Build.0 = Debug|Any CPU
		{F4314E54-7EED-44DA-A407-E2958CA9A0B6}.Release|Any CPU.ActiveCfg = Release|Any CPU
		{F4314E54-7EED-44DA-A407-E2958CA9A0B6}.Release|Any CPU.Build.0 = Release|Any CPU
		{827DC48F-DA7B-4F8C-892A-2F1C833F1142}.Debug|Any CPU.ActiveCfg = Debug|Any CPU
		{827DC48F-DA7B-4F8C-892A-2F1C833F1142}.Debug|Any CPU.Build.0 = Debug|Any CPU
		{827DC48F-DA7B-4F8C-892A-2F1C833F1142}.Release|Any CPU.ActiveCfg = Release|Any CPU
		{827DC48F-DA7B-4F8C-892A-2F1C833F1142}.Release|Any CPU.Build.0 = Release|Any CPU
	EndGlobalSection
	GlobalSection(SolutionProperties) = preSolution
		HideSolutionNode = FALSE
	EndGlobalSection
	GlobalSection(ExtensibilityGlobals) = postSolution
		SolutionGuid = {143B8772-0F7A-47CF-87EB-36EF3D98D147}
	EndGlobalSection
EndGlobal
